
Microsoft Visual Studio Solution File, Format Version 12.00
# Visual Studio Version 17
VisualStudioVersion = 17.14.36414.22 d17.14
MinimumVisualStudioVersion = 10.0.40219.1
Project("{FAE04EC0-301F-11D3-BF4B-00C04F79EFBC}") = "Lab05C", "Lab05C\Lab05C.csproj", "{EE6CF259-14C1-4A6D-BE33-ED9FE836A79F}"
EndProject
Global
	GlobalSection(SolutionConfigurationPlatforms) = preSolution
		Debug|Any CPU = Debug|Any CPU
		Release|Any CPU = Release|Any CPU
	EndGlobalSection
	GlobalSection(ProjectConfigurationPlatforms) = postSolution
		{EE6CF259-14C1-4A6D-BE33-ED9FE836A79F}.Debug|Any CPU.ActiveCfg = Debug|Any CPU
		{EE6CF259-14C1-4A6D-BE33-ED9FE836A79F}.Debug|Any CPU.Build.0 = Debug|Any CPU
		{EE6CF259-14C1-4A6D-BE33-ED9FE836A79F}.Release|Any CPU.ActiveCfg = Release|Any CPU
		{EE6CF259-14C1-4A6D-BE33-ED9FE836A79F}.Release|Any CPU.Build.0 = Release|Any CPU
	EndGlobalSection
	GlobalSection(SolutionProperties) = preSolution
		HideSolutionNode = FALSE
	EndGlobalSection
	GlobalSection(ExtensibilityGlobals) = postSolution
		SolutionGuid = {CE1BFFFC-1703-45CE-9493-6450FCB004E1}
	EndGlobalSection
EndGlobal
